<?xml version="1.0" encoding="utf-8"?>
<Project ToolsVersion="4.0" xmlns="http://schemas.microsoft.com/developer/msbuild/2003">
  <ItemGroup>
    <Filter Include="source">
      <UniqueIdentifier>{de2bed62-bd97-4cea-9863-f8f575a835b5}</UniqueIdentifier>
    </Filter>
  </ItemGroup>
  <ItemGroup>
    <ClCompile Include="..\..\src\ClAbstractVariable.cc">
      <Filter>source</Filter>
    </ClCompile>
    <ClCompile Include="..\..\src\ClC.cc">
      <Filter>source</Filter>
    </ClCompile>
    <ClCompile Include="..\..\src\ClConstraint.cc">
      <Filter>source</Filter>
    </ClCompile>
    <ClCompile Include="..\..\src\ClDummyVariable.cc">
      <Filter>source</Filter>
    </ClCompile>
    <ClCompile Include="..\..\src\ClFDBinaryOneWayConstraint.cc">
      <Filter>source</Filter>
    </ClCompile>
    <ClCompile Include="..\..\src\ClFDConnectorVariable.cc">
      <Filter>source</Filter>
    </ClCompile>
    <ClCompile Include="..\..\src\ClFDSolver.cc">
      <Filter>source</Filter>
    </ClCompile>
    <ClCompile Include="..\..\src\ClFDVariable.cc">
      <Filter>source</Filter>
    </ClCompile>
    <ClCompile Include="..\..\src\ClFloatVariable.cc">
      <Filter>source</Filter>
    </ClCompile>
    <ClCompile Include="..\..\src\ClLinearExpression.cc">
      <Filter>source</Filter>
    </ClCompile>
    <ClCompile Include="..\..\src\ClSimplexSolver.cc">
      <Filter>source</Filter>
    </ClCompile>
    <ClCompile Include="..\..\src\ClSlackVariable.cc">
      <Filter>source</Filter>
    </ClCompile>
    <ClCompile Include="..\..\src\ClSolver.cc">
      <Filter>source</Filter>
    </ClCompile>
    <ClCompile Include="..\..\src\ClStrength.cc">
      <Filter>source</Filter>
    </ClCompile>
    <ClCompile Include="..\..\src\ClSymbolicWeight.cc">
      <Filter>source</Filter>
    </ClCompile>
    <ClCompile Include="..\..\src\ClTableau.cc">
      <Filter>source</Filter>
    </ClCompile>
    <ClCompile Include="..\..\src\ClVariable.cc">
      <Filter>source</Filter>
    </ClCompile>
  </ItemGroup>
  <ItemGroup>
    <ClInclude Include="..\..\cassowary\Cassowary.h">
      <Filter>source</Filter>
    </ClInclude>
    <ClInclude Include="..\..\cassowary\Cl.h">
      <Filter>source</Filter>
    </ClInclude>
    <ClInclude Include="..\..\cassowary\cl_auto_ptr.h">
      <Filter>source</Filter>
    </ClInclude>
    <ClInclude Include="..\..\cassowary\ClAbstractVariable.h">
      <Filter>source</Filter>
    </ClInclude>
    <ClInclude Include="..\..\cassowary\ClC.h">
      <Filter>source</Filter>
    </ClInclude>
    <ClInclude Include="..\..\cassowary\ClConstraint.h">
      <Filter>source</Filter>
    </ClInclude>
    <ClInclude Include="..\..\cassowary\ClConstraintHash.h">
      <Filter>source</Filter>
    </ClInclude>
    <ClInclude Include="..\..\cassowary\ClDummyVariable.h">
      <Filter>source</Filter>
    </ClInclude>
    <ClInclude Include="..\..\cassowary\ClEditConstraint.h">
      <Filter>source</Filter>
    </ClInclude>
    <ClInclude Include="..\..\cassowary\ClEditOrStayConstraint.h">
      <Filter>source</Filter>
    </ClInclude>
    <ClInclude Include="..\..\cassowary\ClErrors.h">
      <Filter>source</Filter>
    </ClInclude>
    <ClInclude Include="..\..\cassowary\ClFDBinaryOneWayConstraint.h">
      <Filter>source</Filter>
    </ClInclude>
    <ClInclude Include="..\..\cassowary\ClFDConnectorVariable.h">
      <Filter>source</Filter>
    </ClInclude>
    <ClInclude Include="..\..\cassowary\ClFDConstraint.h">
      <Filter>source</Filter>
    </ClInclude>
    <ClInclude Include="..\..\cassowary\ClFDSolver.h">
      <Filter>source</Filter>
    </ClInclude>
    <ClInclude Include="..\..\cassowary\ClFDVariable.h">
      <Filter>source</Filter>
    </ClInclude>
    <ClInclude Include="..\..\cassowary\ClFloatVariable.h">
      <Filter>source</Filter>
    </ClInclude>
    <ClInclude Include="..\..\cassowary\ClLinearConstraint.h">
      <Filter>source</Filter>
    </ClInclude>
    <ClInclude Include="..\..\cassowary\ClLinearEquation.h">
      <Filter>source</Filter>
    </ClInclude>
    <ClInclude Include="..\..\cassowary\ClLinearExpression.h">
      <Filter>source</Filter>
    </ClInclude>
    <ClInclude Include="..\..\cassowary\ClLinearExpression_fwd.h">
      <Filter>source</Filter>
    </ClInclude>
    <ClInclude Include="..\..\cassowary\ClLinearInequality.h">
      <Filter>source</Filter>
    </ClInclude>
    <ClInclude Include="..\..\cassowary\ClMap.h">
      <Filter>source</Filter>
    </ClInclude>
    <ClInclude Include="..\..\cassowary\ClObjectiveVariable.h">
      <Filter>source</Filter>
    </ClInclude>
    <ClInclude Include="..\..\cassowary\ClPoint.h">
      <Filter>source</Filter>
    </ClInclude>
    <ClInclude Include="..\..\cassowary\ClReader.h">
      <Filter>source</Filter>
    </ClInclude>
    <ClInclude Include="..\..\cassowary\ClSet.h">
      <Filter>source</Filter>
    </ClInclude>
    <ClInclude Include="..\..\cassowary\ClSimplexSolver.h">
      <Filter>source</Filter>
    </ClInclude>
    <ClInclude Include="..\..\cassowary\ClSlackVariable.h">
      <Filter>source</Filter>
    </ClInclude>
    <ClInclude Include="..\..\cassowary\ClSolver.h">
      <Filter>source</Filter>
    </ClInclude>
    <ClInclude Include="..\..\cassowary\ClStayConstraint.h">
      <Filter>source</Filter>
    </ClInclude>
    <ClInclude Include="..\..\cassowary\ClStrength.h">
      <Filter>source</Filter>
    </ClInclude>
    <ClInclude Include="..\..\cassowary\ClSymbolicWeight.h">
      <Filter>source</Filter>
    </ClInclude>
    <ClInclude Include="..\..\cassowary\ClTableau.h">
      <Filter>source</Filter>
    </ClInclude>
    <ClInclude Include="..\..\cassowary\ClTimedSimplexSolver.h">
      <Filter>source</Filter>
    </ClInclude>
    <ClInclude Include="..\..\cassowary\ClTypedefs.h">
      <Filter>source</Filter>
    </ClInclude>
    <ClInclude Include="..\..\cassowary\ClVariable.h">
      <Filter>source</Filter>
    </ClInclude>
    <ClInclude Include="..\..\cassowary\debug.h">
      <Filter>source</Filter>
    </ClInclude>
    <ClInclude Include="..\..\cassowary\timer.h">
      <Filter>source</Filter>
    </ClInclude>
  </ItemGroup>
</Project>